// !$*UTF8*$!
{
	archiveVersion = 1;
	classes = {
	};
	objectVersion = 77;
	objects = {

/* Begin PBXBuildFile section */
		9CF987F954F97C1FB7353E60 /* AWSCognitoIdentityProvider in Frameworks */ = {isa = PBXBuildFile; productRef = F25567F945D05BAF91915AE5 /* AWSCognitoIdentityProvider */; };
		F400E16B30009E6400F4C9BC /* FirebaseAuth in Frameworks */ = {isa = PBXBuildFile; productRef = F400E16A30009E6400F4C9BC /* FirebaseAuth */; };
		F400E16D30009E6400F4C9BC /* FirebaseFirestore in Frameworks */ = {isa = PBXBuildFile; productRef = F400E16C30009E6400F4C9BC /* FirebaseFirestore */; };
/* End PBXBuildFile section */

/* Begin PBXContainerItemProxy section */
		F400E14B300094E000F4C9BC /* PBXContainerItemProxy */ = {
			isa = PBXContainerItemProxy;
			containerPortal = F400E135300094DF00F4C9BC /* Project object */;
			proxyType = 1;
			remoteGlobalIDString = F400E13C300094DF00F4C9BC;
			remoteInfo = StarTime;
		};
		F400E155300094E000F4C9BC /* PBXContainerItemProxy */ = {
			isa = PBXContainerItemProxy;
			containerPortal = F400E135300094DF00F4C9BC /* Project object */;
			proxyType = 1;
			remoteGlobalIDString = F400E13C300094DF00F4C9BC;
			remoteInfo = StarTime;
		};
/* End PBXContainerItemProxy section */

/* Begin PBXFileReference section */
		685E9FAD1E6549A446D9B28B /* StarTime.xcconfig */ = {isa = PBXFileReference; includeInIndex = 1; lastKnownFileType = text.xcconfig; path = StarTime.xcconfig; sourceTree = "<group>"; };
		F400E13D300094DF00F4C9BC /* StarTime.app */ = {isa = PBXFileReference; explicitFileType = wrapper.application; includeInIndex = 0; path = StarTime.app; sourceTree = BUILT_PRODUCTS_DIR; };
		F400E14A300094E000F4C9BC /* StarTimeTests.xctest */ = {isa = PBXFileReference; explicitFileType = wrapper.cfbundle; includeInIndex = 0; path = StarTimeTests.xctest; sourceTree = BUILT_PRODUCTS_DIR; };
		F400E154300094E000F4C9BC /* StarTimeUITests.xctest */ = {isa = PBXFileReference; explicitFileType = wrapper.cfbundle; includeInIndex = 0; path = StarTimeUITests.xctest; sourceTree = BUILT_PRODUCTS_DIR; };
		FFB3AAF4B0AFA30D25341AB9 /* Info.plist */ = {isa = PBXFileReference; includeInIndex = 1; lastKnownFileType = text.plist.xml; path = Info.plist; sourceTree = "<group>"; };
/* End PBXFileReference section */

/* Begin PBXFileSystemSynchronizedRootGroup section */
		F400E13F300094DF00F4C9BC /* StarTime */ = {
			isa = PBXFileSystemSynchronizedRootGroup;
			exceptions = (
			);
			path = StarTime;
			sourceTree = "<group>";
		};
		F400E14D300094E000F4C9BC /* StarTimeTests */ = {
			isa = PBXFileSystemSynchronizedRootGroup;
			exceptions = (
			);
			path = StarTimeTests;
			sourceTree = "<group>";
		};
		F400E157300094E000F4C9BC /* StarTimeUITests */ = {
			isa = PBXFileSystemSynchronizedRootGroup;
			exceptions = (
			);
			path = StarTimeUITests;
			sourceTree = "<group>";
		};
/* End PBXFileSystemSynchronizedRootGroup section */

/* Begin PBXFrameworksBuildPhase section */
		F400E13A300094DF00F4C9BC /* Frameworks */ = {
			isa = PBXFrameworksBuildPhase;
			buildActionMask = 2147483647;
			files = (
				F400E16B30009E6400F4C9BC /* FirebaseAuth in Frameworks */,
				F400E16D30009E6400F4C9BC /* FirebaseFirestore in Frameworks */,
				9CF987F954F97C1FB7353E60 /* AWSCognitoIdentityProvider in Frameworks */,
			);
			runOnlyForDeploymentPostprocessing = 0;
		};
		F400E147300094E000F4C9BC /* Frameworks */ = {
			isa = PBXFrameworksBuildPhase;
			buildActionMask = 2147483647;
			files = (
			);
			runOnlyForDeploymentPostprocessing = 0;
		};
		F400E151300094E000F4C9BC /* Frameworks */ = {
			isa = PBXFrameworksBuildPhase;
			buildActionMask = 2147483647;
			files = (
			);
			runOnlyForDeploymentPostprocessing = 0;
		};
/* End PBXFrameworksBuildPhase section */

/* Begin PBXGroup section */
		85850640A48D19648AEA8357 /* SupportingFiles */ = {
			isa = PBXGroup;
			children = (
				FFB3AAF4B0AFA30D25341AB9 /* Info.plist */,
			);
			name = SupportingFiles;
			path = SupportingFiles;
			sourceTree = "<group>";
		};
		A7E812D8DCC12D5062F3D830 /* Config */ = {
			isa = PBXGroup;
			children = (
				685E9FAD1E6549A446D9B28B /* StarTime.xcconfig */,
			);
			name = Config;
			path = StarTime/Config;
			sourceTree = "<group>";
		};
		F400E134300094DF00F4C9BC = {
			isa = PBXGroup;
			children = (
				F400E13F300094DF00F4C9BC /* StarTime */,
				F400E14D300094E000F4C9BC /* StarTimeTests */,
				F400E157300094E000F4C9BC /* StarTimeUITests */,
				F400E13E300094DF00F4C9BC /* Products */,
				A7E812D8DCC12D5062F3D830 /* Config */,
				85850640A48D19648AEA8357 /* SupportingFiles */,
			);
			sourceTree = "<group>";
		};
		F400E13E300094DF00F4C9BC /* Products */ = {
			isa = PBXGroup;
			children = (
				F400E13D300094DF00F4C9BC /* StarTime.app */,
				F400E14A300094E000F4C9BC /* StarTimeTests.xctest */,
				F400E154300094E000F4C9BC /* StarTimeUITests.xctest */,
			);
			name = Products;
			sourceTree = "<group>";
		};
/* End PBXGroup section */

/* Begin PBXNativeTarget section */
		F400E13C300094DF00F4C9BC /* StarTime */ = {
			isa = PBXNativeTarget;
			buildConfigurationList = F400E15E300094E000F4C9BC /* Build configuration list for PBXNativeTarget "StarTime" */;
			buildPhases = (
				F400E139300094DF00F4C9BC /* Sources */,
				F400E13A300094DF00F4C9BC /* Frameworks */,
				F400E13B300094DF00F4C9BC /* Resources */,
			);
			buildRules = (
			);
			dependencies = (
			);
			fileSystemSynchronizedGroups = (
				F400E13F300094DF00F4C9BC /* StarTime */,
			);
			name = StarTime;
			packageProductDependencies = (
				F400E16A30009E6400F4C9BC /* FirebaseAuth */,
				F400E16C30009E6400F4C9BC /* FirebaseFirestore */,
				F25567F945D05BAF91915AE5 /* AWSCognitoIdentityProvider */,
			);
			productName = StarTime;
			productReference = F400E13D300094DF00F4C9BC /* StarTime.app */;
			productType = "com.apple.product-type.application";
		};
		F400E149300094E000F4C9BC /* StarTimeTests */ = {
			isa = PBXNativeTarget;
			buildConfigurationList = F400E161300094E000F4C9BC /* Build configuration list for PBXNativeTarget "StarTimeTests" */;
			buildPhases = (
				F400E146300094E000F4C9BC /* Sources */,
				F400E147300094E000F4C9BC /* Frameworks */,
				F400E148300094E000F4C9BC /* Resources */,
			);
			buildRules = (
			);
			dependencies = (
				F400E14C300094E000F4C9BC /* PBXTargetDependency */,
			);
			fileSystemSynchronizedGroups = (
				F400E14D300094E000F4C9BC /* StarTimeTests */,
			);
			name = StarTimeTests;
			productName = StarTimeTests;
			productReference = F400E14A300094E000F4C9BC /* StarTimeTests.xctest */;
			productType = "com.apple.product-type.bundle.unit-test";
		};
		F400E153300094E000F4C9BC /* StarTimeUITests */ = {
			isa = PBXNativeTarget;
			buildConfigurationList = F400E164300094E000F4C9BC /* Build configuration list for PBXNativeTarget "StarTimeUITests" */;
			buildPhases = (
				F400E150300094E000F4C9BC /* Sources */,
				F400E151300094E000F4C9BC /* Frameworks */,
				F400E152300094E000F4C9BC /* Resources */,
			);
			buildRules = (
			);
			dependencies = (
				F400E156300094E000F4C9BC /* PBXTargetDependency */,
			);
			fileSystemSynchronizedGroups = (
				F400E157300094E000F4C9BC /* StarTimeUITests */,
			);
			name = StarTimeUITests;
			productName = StarTimeUITests;
			productReference = F400E154300094E000F4C9BC /* StarTimeUITests.xctest */;
			productType = "com.apple.product-type.bundle.ui-testing";
		};
/* End PBXNativeTarget section */

/* Begin PBXProject section */
		F400E135300094DF00F4C9BC /* Project object */ = {
			isa = PBXProject;
			attributes = {
				BuildIndependentTargetsInParallel = 1;
				LastSwiftUpdateCheck = 2660;
				LastUpgradeCheck = 2660;
				TargetAttributes = {
					F400E13C300094DF00F4C9BC = {
						CreatedOnToolsVersion = 26.6;
					};
					F400E149300094E000F4C9BC = {
						CreatedOnToolsVersion = 26.6;
						TestTargetID = F400E13C300094DF00F4C9BC;
					};
					F400E153300094E000F4C9BC = {
						CreatedOnToolsVersion = 26.6;
						TestTargetID = F400E13C300094DF00F4C9BC;
					};
				};
			};
			buildConfigurationList = F400E138300094DF00F4C9BC /* Build configuration list for PBXProject "StarTime" */;
			developmentRegion = en;
			hasScannedForEncodings = 0;
			knownRegions = (
				en,
				Base,
			);
			mainGroup = F400E134300094DF00F4C9BC;
			minimizedProjectReferenceProxies = 1;
			packageReferences = (
				F400E16930009E6400F4C9BC /* XCRemoteSwiftPackageReference "firebase-ios-sdk" */,
				E071D6AC0324A584D6C829AE /* XCRemoteSwiftPackageReference "aws-sdk-swift" */,
			);
			preferredProjectObjectVersion = 77;
			productRefGroup = F400E13E300094DF00F4C9BC /* Products */;
			projectDirPath = "";
			projectRoot = "";
			targets = (
				F400E13C300094DF00F4C9BC /* StarTime */,
				F400E149300094E000F4C9BC /* StarTimeTests */,
				F400E153300094E000F4C9BC /* StarTimeUITests */,
			);
		};
/* End PBXProject section */

/* Begin PBXResourcesBuildPhase section */
		F400E13B300094DF00F4C9BC /* Resources */ = {
			isa = PBXResourcesBuildPhase;
			buildActionMask = 2147483647;
			files = (
			);
			runOnlyForDeploymentPostprocessing = 0;
		};
		F400E148300094E000F4C9BC /* Resources */ = {
			isa = PBXResourcesBuildPhase;
			buildActionMask = 2147483647;
			files = (
			);
			runOnlyForDeploymentPostprocessing = 0;
		};
		F400E152300094E000F4C9BC /* Resources */ = {
			isa = PBXResourcesBuildPhase;
			buildActionMask = 2147483647;
			files = (
			);
			runOnlyForDeploymentPostprocessing = 0;
		};
/* End PBXResourcesBuildPhase section */

/* Begin PBXSourcesBuildPhase section */
		F400E139300094DF00F4C9BC /* Sources */ = {
			isa = PBXSourcesBuildPhase;
			buildActionMask = 2147483647;
			files = (
			);
			runOnlyForDeploymentPostprocessing = 0;
		};
		F400E146300094E000F4C9BC /* Sources */ = {
			isa = PBXSourcesBuildPhase;
			buildActionMask = 2147483647;
			files = (
			);
			runOnlyForDeploymentPostprocessing = 0;
		};
		F400E150300094E000F4C9BC /* Sources */ = {
			isa = PBXSourcesBuildPhase;
			buildActionMask = 2147483647;
			files = (
			);
			runOnlyForDeploymentPostprocessing = 0;
		};
/* End PBXSourcesBuildPhase section */

/* Begin PBXTargetDependency section */
		F400E14C300094E000F4C9BC /* PBXTargetDependency */ = {
			isa = PBXTargetDependency;
			target = F400E13C300094DF00F4C9BC /* StarTime */;
			targetProxy = F400E14B300094E000F4C9BC /* PBXContainerItemProxy */;
		};
		F400E156300094E000F4C9BC /* PBXTargetDependency */ = {
			isa = PBXTargetDependency;
			target = F400E13C300094DF00F4C9BC /* StarTime */;
			targetProxy = F400E155300094E000F4C9BC /* PBXContainerItemProxy */;
		};
/* End PBXTargetDependency section */

/* Begin XCBuildConfiguration section */
		F400E15C300094E000F4C9BC /* Debug */ = {
			isa = XCBuildConfiguration;
			buildSettings = {
				ALWAYS_SEARCH_USER_PATHS = NO;
				ASSETCATALOG_COMPILER_GENERATE_SWIFT_ASSET_SYMBOL_EXTENSIONS = YES;
				CLANG_ANALYZER_NONNULL = YES;
				CLANG_ANALYZER_NUMBER_OBJECT_CONVERSION = YES_AGGRESSIVE;
				CLANG_CXX_LANGUAGE_STANDARD = "gnu++20";
				CLANG_ENABLE_MODULES = YES;
				CLANG_ENABLE_OBJC_ARC = YES;
				CLANG_ENABLE_OBJC_WEAK = YES;
				CLANG_WARN_BLOCK_CAPTURE_AUTORELEASING = YES;
				CLANG_WARN_BOOL_CONVERSION = YES;
				CLANG_WARN_COMMA = YES;
				CLANG_WARN_CONSTANT_CONVERSION = YES;
				CLANG_WARN_DEPRECATED_OBJC_IMPLEMENTATIONS = YES;
				CLANG_WARN_DIRECT_OBJC_ISA_USAGE = YES_ERROR;
				CLANG_WARN_DOCUMENTATION_COMMENTS = YES;
				CLANG_WARN_EMPTY_BODY = YES;
				CLANG_WARN_ENUM_CONVERSION = YES;
				CLANG_WARN_INFINITE_RECURSION = YES;
				CLANG_WARN_INT_CONVERSION = YES;
				CLANG_WARN_NON_LITERAL_NULL_CONVERSION = YES;
				CLANG_WARN_OBJC_IMPLICIT_RETAIN_SELF = YES;
				CLANG_WARN_OBJC_LITERAL_CONVERSION = YES;
				CLANG_WARN_OBJC_ROOT_CLASS = YES_ERROR;
				CLANG_WARN_QUOTED_INCLUDE_IN_FRAMEWORK_HEADER = YES;
				CLANG_WARN_RANGE_LOOP_ANALYSIS = YES;
				CLANG_WARN_STRICT_PROTOTYPES = YES;
				CLANG_WARN_SUSPICIOUS_MOVE = YES;
				CLANG_WARN_UNGUARDED_AVAILABILITY = YES_AGGRESSIVE;
				CLANG_WARN_UNREACHABLE_CODE = YES;
				CLANG_WARN__DUPLICATE_METHOD_MATCH = YES;
				COPY_PHASE_STRIP = NO;
				DEBUG_INFORMATION_FORMAT = dwarf;
				DEVELOPMENT_TEAM = 8N84QDDXMJ;
				ENABLE_STRICT_OBJC_MSGSEND = YES;
				ENABLE_TESTABILITY = YES;
				ENABLE_USER_SCRIPT_SANDBOXING = YES;
				GCC_C_LANGUAGE_STANDARD = gnu17;
				GCC_DYNAMIC_NO_PIC = NO;
				GCC_NO_COMMON_BLOCKS = YES;
				GCC_OPTIMIZATION_LEVEL = 0;
				GCC_PREPROCESSOR_DEFINITIONS = (
					"DEBUG=1",
					"$(inherited)",
				);
				GCC_WARN_64_TO_32_BIT_CONVERSION = YES;
				GCC_WARN_ABOUT_RETURN_TYPE = YES_ERROR;
				GCC_WARN_UNDECLARED_SELECTOR = YES;
				GCC_WARN_UNINITIALIZED_AUTOS = YES_AGGRESSIVE;
				GCC_WARN_UNUSED_FUNCTION = YES;
				GCC_WARN_UNUSED_VARIABLE = YES;
				IPHONEOS_DEPLOYMENT_TARGET = 26.5;
				LOCALIZATION_PREFERS_STRING_CATALOGS = YES;
				MTL_ENABLE_DEBUG_INFO = INCLUDE_SOURCE;
				MTL_FAST_MATH = YES;
				ONLY_ACTIVE_ARCH = YES;
				SDKROOT = iphoneos;
				SWIFT_ACTIVE_COMPILATION_CONDITIONS = "DEBUG $(inherited)";
				SWIFT_OPTIMIZATION_LEVEL = "-Onone";
			};
			name = Debug;
		};
		F400E15D300094E000F4C9BC /* Release */ = {
			isa = XCBuildConfiguration;
			buildSettings = {
				ALWAYS_SEARCH_USER_PATHS = NO;
				ASSETCATALOG_COMPILER_GENERATE_SWIFT_ASSET_SYMBOL_EXTENSIONS = YES;
				CLANG_ANALYZER_NONNULL = YES;
				CLANG_ANALYZER_NUMBER_OBJECT_CONVERSION = YES_AGGRESSIVE;
				CLANG_CXX_LANGUAGE_STANDARD = "gnu++20";
				CLANG_ENABLE_MODULES = YES;
				CLANG_ENABLE_OBJC_ARC = YES;
				CLANG_ENABLE_OBJC_WEAK = YES;
				CLANG_WARN_BLOCK_CAPTURE_AUTORELEASING = YES;
				CLANG_WARN_BOOL_CONVERSION = YES;
				CLANG_WARN_COMMA = YES;
				CLANG_WARN_CONSTANT_CONVERSION = YES;
				CLANG_WARN_DEPRECATED_OBJC_IMPLEMENTATIONS = YES;
				CLANG_WARN_DIRECT_OBJC_ISA_USAGE = YES_ERROR;
				CLANG_WARN_DOCUMENTATION_COMMENTS = YES;
				CLANG_WARN_EMPTY_BODY = YES;
				CLANG_WARN_ENUM_CONVERSION = YES;
				CLANG_WARN_INFINITE_RECURSION = YES;
				CLANG_WARN_INT_CONVERSION = YES;
				CLANG_WARN_NON_LITERAL_NULL_CONVERSION = YES;
				CLANG_WARN_OBJC_IMPLICIT_RETAIN_SELF = YES;
				CLANG_WARN_OBJC_LITERAL_CONVERSION = YES;
				CLANG_WARN_OBJC_ROOT_CLASS = YES_ERROR;
				CLANG_WARN_QUOTED_INCLUDE_IN_FRAMEWORK_HEADER = YES;
				CLANG_WARN_RANGE_LOOP_ANALYSIS = YES;
				CLANG_WARN_STRICT_PROTOTYPES = YES;
				CLANG_WARN_SUSPICIOUS_MOVE = YES;
				CLANG_WARN_UNGUARDED_AVAILABILITY = YES_AGGRESSIVE;
				CLANG_WARN_UNREACHABLE_CODE = YES;
				CLANG_WARN__DUPLICATE_METHOD_MATCH = YES;
				COPY_PHASE_STRIP = NO;
				DEBUG_INFORMATION_FORMAT = "dwarf-with-dsym";
				DEVELOPMENT_TEAM = 8N84QDDXMJ;
				ENABLE_NS_ASSERTIONS = NO;
				ENABLE_STRICT_OBJC_MSGSEND = YES;
				ENABLE_USER_SCRIPT_SANDBOXING = YES;
				GCC_C_LANGUAGE_STANDARD = gnu17;
				GCC_NO_COMMON_BLOCKS = YES;
				GCC_WARN_64_TO_32_BIT_CONVERSION = YES;
				GCC_WARN_ABOUT_RETURN_TYPE = YES_ERROR;
				GCC_WARN_UNDECLARED_SELECTOR = YES;
				GCC_WARN_UNINITIALIZED_AUTOS = YES_AGGRESSIVE;
				GCC_WARN_UNUSED_FUNCTION = YES;
				GCC_WARN_UNUSED_VARIABLE = YES;
				IPHONEOS_DEPLOYMENT_TARGET = 26.5;
				LOCALIZATION_PREFERS_STRING_CATALOGS = YES;
				MTL_ENABLE_DEBUG_INFO = NO;
				MTL_FAST_MATH = YES;
				SDKROOT = iphoneos;
				SWIFT_COMPILATION_MODE = wholemodule;
				VALIDATE_PRODUCT = YES;
			};
			name = Release;
		};
		F400E15F300094E000F4C9BC /* Debug */ = {
			isa = XCBuildConfiguration;
			baseConfigurationReference = 685E9FAD1E6549A446D9B28B /* StarTime.xcconfig */;
			buildSettings = {
				ASSETCATALOG_COMPILER_APPICON_NAME = AppIcon;
				ASSETCATALOG_COMPILER_GLOBAL_ACCENT_COLOR_NAME = AccentColor;
				CODE_SIGN_STYLE = Automatic;
				CURRENT_PROJECT_VERSION = 1;
				DEVELOPMENT_TEAM = 8N84QDDXMJ;
				ENABLE_PREVIEWS = YES;
				GENERATE_INFOPLIST_FILE = YES;
				INFOPLIST_KEY_UIApplicationSceneManifest_Generation = YES;
				INFOPLIST_KEY_UIApplicationSupportsIndirectInputEvents = YES;
				INFOPLIST_KEY_UILaunchScreen_Generation = YES;
				INFOPLIST_KEY_UISupportedInterfaceOrientations_iPad = "UIInterfaceOrientationPortrait UIInterfaceOrientationPortraitUpsideDown UIInterfaceOrientationLandscapeLeft UIInterfaceOrientationLandscapeRight";
				INFOPLIST_KEY_UISupportedInterfaceOrientations_iPhone = "UIInterfaceOrientationPortrait UIInterfaceOrientationLandscapeLeft UIInterfaceOrientationLandscapeRight";
				LD_RUNPATH_SEARCH_PATHS = (
					"$(inherited)",
					"@executable_path/Frameworks",
				);
				MARKETING_VERSION = 1.0;
				PRODUCT_BUNDLE_IDENTIFIER = org.chstech.StarTime;
				PRODUCT_NAME = "$(TARGET_NAME)";
				STRING_CATALOG_GENERATE_SYMBOLS = YES;
				SWIFT_APPROACHABLE_CONCURRENCY = YES;
				SWIFT_DEFAULT_ACTOR_ISOLATION = MainActor;
				SWIFT_EMIT_LOC_STRINGS = YES;
				SWIFT_UPCOMING_FEATURE_MEMBER_IMPORT_VISIBILITY = YES;
				SWIFT_VERSION = 5.0;
				TARGETED_DEVICE_FAMILY = "1,2";
			};
			name = Debug;
		};
		F400E160300094E000F4C9BC /* Release */ = {
			isa = XCBuildConfiguration;
			baseConfigurationReference = 685E9FAD1E6549A446D9B28B /* StarTime.xcconfig */;
			buildSettings = {
				ASSETCATALOG_COMPILER_APPICON_NAME = AppIcon;
				ASSETCATALOG_COMPILER_GLOBAL_ACCENT_COLOR_NAME = AccentColor;
				CODE_SIGN_STYLE = Automatic;
				CURRENT_PROJECT_VERSION = 1;
				DEVELOPMENT_TEAM = 8N84QDDXMJ;
				ENABLE_PREVIEWS = YES;
				GENERATE_INFOPLIST_FILE = YES;
				INFOPLIST_KEY_UIApplicationSceneManifest_Generation = YES;
				INFOPLIST_KEY_UIApplicationSupportsIndirectInputEvents = YES;
				INFOPLIST_KEY_UILaunchScreen_Generation = YES;
				INFOPLIST_KEY_UISupportedInterfaceOrientations_iPad = "UIInterfaceOrientationPortrait UIInterfaceOrientationPortraitUpsideDown UIInterfaceOrientationLandscapeLeft UIInterfaceOrientationLandscapeRight";
				INFOPLIST_KEY_UISupportedInterfaceOrientations_iPhone = "UIInterfaceOrientationPortrait UIInterfaceOrientationLandscapeLeft UIInterfaceOrientationLandscapeRight";
				LD_RUNPATH_SEARCH_PATHS = (
					"$(inherited)",
					"@executable_path/Frameworks",
				);
				MARKETING_VERSION = 1.0;
				PRODUCT_BUNDLE_IDENTIFIER = org.chstech.StarTime;
				PRODUCT_NAME = "$(TARGET_NAME)";
				STRING_CATALOG_GENERATE_SYMBOLS = YES;
				SWIFT_APPROACHABLE_CONCURRENCY = YES;
				SWIFT_DEFAULT_ACTOR_ISOLATION = MainActor;
				SWIFT_EMIT_LOC_STRINGS = YES;
				SWIFT_UPCOMING_FEATURE_MEMBER_IMPORT_VISIBILITY = YES;
				SWIFT_VERSION = 5.0;
				TARGETED_DEVICE_FAMILY = "1,2";
			};
			name = Release;
		};
		F400E162300094E000F4C9BC /* Debug */ = {
			isa = XCBuildConfiguration;
			buildSettings = {
				BUNDLE_LOADER = "$(TEST_HOST)";
				CODE_SIGN_STYLE = Automatic;
				CURRENT_PROJECT_VERSION = 1;
				DEVELOPMENT_TEAM = 8N84QDDXMJ;
				GENERATE_INFOPLIST_FILE = YES;
				IPHONEOS_DEPLOYMENT_TARGET = 26.5;
				MARKETING_VERSION = 1.0;
				PRODUCT_BUNDLE_IDENTIFIER = org.chstech.StarTimeTests;
				PRODUCT_NAME = "$(TARGET_NAME)";
				STRING_CATALOG_GENERATE_SYMBOLS = NO;
				SWIFT_APPROACHABLE_CONCURRENCY = YES;
				SWIFT_EMIT_LOC_STRINGS = NO;
				SWIFT_UPCOMING_FEATURE_MEMBER_IMPORT_VISIBILITY = YES;
				SWIFT_VERSION = 5.0;
				TARGETED_DEVICE_FAMILY = "1,2";
				TEST_HOST = "$(BUILT_PRODUCTS_DIR)/StarTime.app/$(BUNDLE_EXECUTABLE_FOLDER_PATH)/StarTime";
			};
			name = Debug;
		};
		F400E163300094E000F4C9BC /* Release */ = {
			isa = XCBuildConfiguration;
			buildSettings = {
				BUNDLE_LOADER = "$(TEST_HOST)";
				CODE_SIGN_STYLE = Automatic;
				CURRENT_PROJECT_VERSION = 1;
				DEVELOPMENT_TEAM = 8N84QDDXMJ;
				GENERATE_INFOPLIST_FILE = YES;
				IPHONEOS_DEPLOYMENT_TARGET = 26.5;
				MARKETING_VERSION = 1.0;
				PRODUCT_BUNDLE_IDENTIFIER = org.chstech.StarTimeTests;
				PRODUCT_NAME = "$(TARGET_NAME)";
				STRING_CATALOG_GENERATE_SYMBOLS = NO;
				SWIFT_APPROACHABLE_CONCURRENCY = YES;
				SWIFT_EMIT_LOC_STRINGS = NO;
				SWIFT_UPCOMING_FEATURE_MEMBER_IMPORT_VISIBILITY = YES;
				SWIFT_VERSION = 5.0;
				TARGETED_DEVICE_FAMILY = "1,2";
				TEST_HOST = "$(BUILT_PRODUCTS_DIR)/StarTime.app/$(BUNDLE_EXECUTABLE_FOLDER_PATH)/StarTime";
			};
			name = Release;
		};
		F400E165300094E000F4C9BC /* Debug */ = {
			isa = XCBuildConfiguration;
			buildSettings = {
				CODE_SIGN_STYLE = Automatic;
				CURRENT_PROJECT_VERSION = 1;
				DEVELOPMENT_TEAM = 8N84QDDXMJ;
				GENERATE_INFOPLIST_FILE = YES;
				MARKETING_VERSION = 1.0;
				PRODUCT_BUNDLE_IDENTIFIER = org.chstech.StarTimeUITests;
				PRODUCT_NAME = "$(TARGET_NAME)";
				STRING_CATALOG_GENERATE_SYMBOLS = NO;
				SWIFT_APPROACHABLE_CONCURRENCY = YES;
				SWIFT_EMIT_LOC_STRINGS = NO;
				SWIFT_UPCOMING_FEATURE_MEMBER_IMPORT_VISIBILITY = YES;
				SWIFT_VERSION = 5.0;
				TARGETED_DEVICE_FAMILY = "1,2";
				TEST_TARGET_NAME = StarTime;
			};
			name = Debug;
		};
		F400E166300094E000F4C9BC /* Release */ = {
			isa = XCBuildConfiguration;
			buildSettings = {
				CODE_SIGN_STYLE = Automatic;
				CURRENT_PROJECT_VERSION = 1;
				DEVELOPMENT_TEAM = 8N84QDDXMJ;
				GENERATE_INFOPLIST_FILE = YES;
				MARKETING_VERSION = 1.0;
				PRODUCT_BUNDLE_IDENTIFIER = org.chstech.StarTimeUITests;
				PRODUCT_NAME = "$(TARGET_NAME)";
				STRING_CATALOG_GENERATE_SYMBOLS = NO;
				SWIFT_APPROACHABLE_CONCURRENCY = YES;
				SWIFT_EMIT_LOC_STRINGS = NO;
				SWIFT_UPCOMING_FEATURE_MEMBER_IMPORT_VISIBILITY = YES;
				SWIFT_VERSION = 5.0;
				TARGETED_DEVICE_FAMILY = "1,2";
				TEST_TARGET_NAME = StarTime;
			};
			name = Release;
		};
/* End XCBuildConfiguration section */

/* Begin XCConfigurationList section */
		F400E138300094DF00F4C9BC /* Build configuration list for PBXProject "StarTime" */ = {
			isa = XCConfigurationList;
			buildConfigurations = (
				F400E15C300094E000F4C9BC /* Debug */,
				F400E15D300094E000F4C9BC /* Release */,
			);
			defaultConfigurationIsVisible = 0;
			defaultConfigurationName = Release;
		};
		F400E15E300094E000F4C9BC /* Build configuration list for PBXNativeTarget "StarTime" */ = {
			isa = XCConfigurationList;
			buildConfigurations = (
				F400E15F300094E000F4C9BC /* Debug */,
				F400E160300094E000F4C9BC /* Release */,
			);
			defaultConfigurationIsVisible = 0;
			defaultConfigurationName = Release;
		};
		F400E161300094E000F4C9BC /* Build configuration list for PBXNativeTarget "StarTimeTests" */ = {
			isa = XCConfigurationList;
			buildConfigurations = (
				F400E162300094E000F4C9BC /* Debug */,
				F400E163300094E000F4C9BC /* Release */,
			);
			defaultConfigurationIsVisible = 0;
			defaultConfigurationName = Release;
		};
		F400E164300094E000F4C9BC /* Build configuration list for PBXNativeTarget "StarTimeUITests" */ = {
			isa = XCConfigurationList;
			buildConfigurations = (
				F400E165300094E000F4C9BC /* Debug */,
				F400E166300094E000F4C9BC /* Release */,
			);
			defaultConfigurationIsVisible = 0;
			defaultConfigurationName = Release;
		};
/* End XCConfigurationList section */

/* Begin XCRemoteSwiftPackageReference section */
		E071D6AC0324A584D6C829AE /* XCRemoteSwiftPackageReference "aws-sdk-swift" */ = {
			isa = XCRemoteSwiftPackageReference;
			repositoryURL = "https://github.com/awslabs/aws-sdk-swift";
			requirement = {
				kind = upToNextMajorVersion;
				minimumVersion = 1.0.0;
			};
		};
		F400E16930009E6400F4C9BC /* XCRemoteSwiftPackageReference "firebase-ios-sdk" */ = {
			isa = XCRemoteSwiftPackageReference;
			repositoryURL = "https://github.com/firebase/firebase-ios-sdk";
			requirement = {
				kind = upToNextMajorVersion;
				minimumVersion = 12.16.0;
			};
		};
/* End XCRemoteSwiftPackageReference section */

/* Begin XCSwiftPackageProductDependency section */
		F25567F945D05BAF91915AE5 /* AWSCognitoIdentityProvider */ = {
			isa = XCSwiftPackageProductDependency;
			package = E071D6AC0324A584D6C829AE /* XCRemoteSwiftPackageReference "aws-sdk-swift" */;
			productName = AWSCognitoIdentityProvider;
		};
		F400E16A30009E6400F4C9BC /* FirebaseAuth */ = {
			isa = XCSwiftPackageProductDependency;
			package = F400E16930009E6400F4C9BC /* XCRemoteSwiftPackageReference "firebase-ios-sdk" */;
			productName = FirebaseAuth;
		};
		F400E16C30009E6400F4C9BC /* FirebaseFirestore */ = {
			isa = XCSwiftPackageProductDependency;
			package = F400E16930009E6400F4C9BC /* XCRemoteSwiftPackageReference "firebase-ios-sdk" */;
			productName = FirebaseFirestore;
		};
/* End XCSwiftPackageProductDependency section */
	};
	rootObject = F400E135300094DF00F4C9BC /* Project object */;
}
